PODS:
  - ReactorKit (1.2.1):
    - RxSwift (>= 4.0.0)
  - RxAtomic (4.4.1)
  - RxCocoa (4.4.1):
    - RxSwift (~> 4.0)
  - RxSwift (4.4.1):
    - RxAtomic (~> 4.4)
  - SnapKit (4.0.1)

DEPENDENCIES:
  - ReactorKit
  - RxCocoa (~> 4.0)
  - RxSwift (~> 4.0)
  - SnapKit (~> 4.0.0)

SPEC REPOS:
  https://github.com/cocoapods/specs.git:
    - ReactorKit
    - RxAtomic
    - RxCocoa
    - RxSwift
    - SnapKit

SPEC CHECKSUMS:
  ReactorKit: 8be57f0527ad1ac2963cd5c338274a46a01e57a3
  RxAtomic: f8d6adc1ccb87a767811269e4875887bc74dbf19
  RxCocoa: 2f35a76bf8887872e28a1914112395b11b8e0e64
  RxSwift: 92fcf68dfef21f3e2ab1965363d9e7b3d787597e
  SnapKit: 0de968a9fec17499afa29683b05d0c775b6d1c29

PODFILE CHECKSUM: 1dd8239849bc204ebe35c8efacf1a6f9d4993a67

COCOAPODS: 1.5.3
