// !$*UTF8*$!
{
	archiveVersion = 1;
	classes = {
	};
	objectVersion = 50;
	objects = {

/* Begin PBXBuildFile section */
		015B603D221688A30002D02B /* ViewReactor.swift in Sources */ = {isa = PBXBuildFile; fileRef = 015B603C221688A30002D02B /* ViewReactor.swift */; };
		015B6040221691330002D02B /* Extension.swift in Sources */ = {isa = PBXBuildFile; fileRef = 015B603F221691330002D02B /* Extension.swift */; };
		015B6042221691DF0002D02B /* UITextField+extension.swift in Sources */ = {isa = PBXBuildFile; fileRef = 015B6041221691DF0002D02B /* UITextField+extension.swift */; };
		015B604422169E6D0002D02B /* UICustomDatePicker.swift in Sources */ = {isa = PBXBuildFile; fileRef = 015B604322169E6D0002D02B /* UICustomDatePicker.swift */; };
		015B604C2216A0940002D02B /* Tweener.swift in Sources */ = {isa = PBXBuildFile; fileRef = 015B604A2216A0930002D02B /* Tweener.swift */; };
		015B604D2216A0940002D02B /* Tween.swift in Sources */ = {isa = PBXBuildFile; fileRef = 015B604B2216A0940002D02B /* Tween.swift */; };
		015B60522216A1310002D02B /* ViewSubviews.swift in Sources */ = {isa = PBXBuildFile; fileRef = 015B60512216A1310002D02B /* ViewSubviews.swift */; };
		015B60542216AC8D0002D02B /* Date+extension.swift in Sources */ = {isa = PBXBuildFile; fileRef = 015B60532216AC8D0002D02B /* Date+extension.swift */; };
		01A87BCC221675D300CDCF3F /* AppDelegate.swift in Sources */ = {isa = PBXBuildFile; fileRef = 01A87BCB221675D300CDCF3F /* AppDelegate.swift */; };
		01A87BCE221675D300CDCF3F /* ViewController.swift in Sources */ = {isa = PBXBuildFile; fileRef = 01A87BCD221675D300CDCF3F /* ViewController.swift */; };
		01A87BD1221675D300CDCF3F /* Main.storyboard in Resources */ = {isa = PBXBuildFile; fileRef = 01A87BCF221675D300CDCF3F /* Main.storyboard */; };
		01A87BD3221675D500CDCF3F /* Assets.xcassets in Resources */ = {isa = PBXBuildFile; fileRef = 01A87BD2221675D500CDCF3F /* Assets.xcassets */; };
		01A87BD6221675D500CDCF3F /* LaunchScreen.storyboard in Resources */ = {isa = PBXBuildFile; fileRef = 01A87BD4221675D500CDCF3F /* LaunchScreen.storyboard */; };
		01A87BE1221675D500CDCF3F /* PickerSampleTests.swift in Sources */ = {isa = PBXBuildFile; fileRef = 01A87BE0221675D500CDCF3F /* PickerSampleTests.swift */; };
		01A87BEC221675D500CDCF3F /* PickerSampleUITests.swift in Sources */ = {isa = PBXBuildFile; fileRef = 01A87BEB221675D500CDCF3F /* PickerSampleUITests.swift */; };
		0E21C553F016C4A9D075AE9C /* Pods_PickerSample.framework in Frameworks */ = {isa = PBXBuildFile; fileRef = BF56FA9E258CD2E16587F1DD /* Pods_PickerSample.framework */; };
		48AD4671445A5F4EA53379A6 /* Pods_PickerSampleUITests.framework in Frameworks */ = {isa = PBXBuildFile; fileRef = EB2E61AFADBFA1C90AAD7D47 /* Pods_PickerSampleUITests.framework */; };
		9DF2064DB0618A666FC077CB /* Pods_PickerSampleTests.framework in Frameworks */ = {isa = PBXBuildFile; fileRef = 9C7305ED84318E91617B8ED2 /* Pods_PickerSampleTests.framework */; };
/* End PBXBuildFile section */

/* Begin PBXContainerItemProxy section */
		01A87BDD221675D500CDCF3F /* PBXContainerItemProxy */ = {
			isa = PBXContainerItemProxy;
			containerPortal = 01A87BC0221675D300CDCF3F /* Project object */;
			proxyType = 1;
			remoteGlobalIDString = 01A87BC7221675D300CDCF3F;
			remoteInfo = PickerSample;
		};
		01A87BE8221675D500CDCF3F /* PBXContainerItemProxy */ = {
			isa = PBXContainerItemProxy;
			containerPortal = 01A87BC0221675D300CDCF3F /* Project object */;
			proxyType = 1;
			remoteGlobalIDString = 01A87BC7221675D300CDCF3F;
			remoteInfo = PickerSample;
		};
/* End PBXContainerItemProxy section */

/* Begin PBXFileReference section */
		015B603C221688A30002D02B /* ViewReactor.swift */ = {isa = PBXFileReference; lastKnownFileType = sourcecode.swift; path = ViewReactor.swift; sourceTree = "<group>"; };
		015B603F221691330002D02B /* Extension.swift */ = {isa = PBXFileReference; lastKnownFileType = sourcecode.swift; path = Extension.swift; sourceTree = "<group>"; };
		015B6041221691DF0002D02B /* UITextField+extension.swift */ = {isa = PBXFileReference; lastKnownFileType = sourcecode.swift; path = "UITextField+extension.swift"; sourceTree = "<group>"; };
		015B604322169E6D0002D02B /* UICustomDatePicker.swift */ = {isa = PBXFileReference; lastKnownFileType = sourcecode.swift; path = UICustomDatePicker.swift; sourceTree = "<group>"; };
		015B604A2216A0930002D02B /* Tweener.swift */ = {isa = PBXFileReference; fileEncoding = 4; lastKnownFileType = sourcecode.swift; path = Tweener.swift; sourceTree = "<group>"; };
		015B604B2216A0940002D02B /* Tween.swift */ = {isa = PBXFileReference; fileEncoding = 4; lastKnownFileType = sourcecode.swift; path = Tween.swift; sourceTree = "<group>"; };
		015B60512216A1310002D02B /* ViewSubviews.swift */ = {isa = PBXFileReference; lastKnownFileType = sourcecode.swift; path = ViewSubviews.swift; sourceTree = "<group>"; };
		015B60532216AC8D0002D02B /* Date+extension.swift */ = {isa = PBXFileReference; lastKnownFileType = sourcecode.swift; path = "Date+extension.swift"; sourceTree = "<group>"; };
		01A87BC8221675D300CDCF3F /* PickerSample.app */ = {isa = PBXFileReference; explicitFileType = wrapper.application; includeInIndex = 0; path = PickerSample.app; sourceTree = BUILT_PRODUCTS_DIR; };
		01A87BCB221675D300CDCF3F /* AppDelegate.swift */ = {isa = PBXFileReference; lastKnownFileType = sourcecode.swift; path = AppDelegate.swift; sourceTree = "<group>"; };
		01A87BCD221675D300CDCF3F /* ViewController.swift */ = {isa = PBXFileReference; lastKnownFileType = sourcecode.swift; path = ViewController.swift; sourceTree = "<group>"; };
		01A87BD0221675D300CDCF3F /* Base */ = {isa = PBXFileReference; lastKnownFileType = file.storyboard; name = Base; path = Base.lproj/Main.storyboard; sourceTree = "<group>"; };
		01A87BD2221675D500CDCF3F /* Assets.xcassets */ = {isa = PBXFileReference; lastKnownFileType = folder.assetcatalog; path = Assets.xcassets; sourceTree = "<group>"; };
		01A87BD5221675D500CDCF3F /* Base */ = {isa = PBXFileReference; lastKnownFileType = file.storyboard; name = Base; path = Base.lproj/LaunchScreen.storyboard; sourceTree = "<group>"; };
		01A87BD7221675D500CDCF3F /* Info.plist */ = {isa = PBXFileReference; lastKnownFileType = text.plist.xml; path = Info.plist; sourceTree = "<group>"; };
		01A87BDC221675D500CDCF3F /* PickerSampleTests.xctest */ = {isa = PBXFileReference; explicitFileType = wrapper.cfbundle; includeInIndex = 0; path = PickerSampleTests.xctest; sourceTree = BUILT_PRODUCTS_DIR; };
		01A87BE0221675D500CDCF3F /* PickerSampleTests.swift */ = {isa = PBXFileReference; lastKnownFileType = sourcecode.swift; path = PickerSampleTests.swift; sourceTree = "<group>"; };
		01A87BE2221675D500CDCF3F /* Info.plist */ = {isa = PBXFileReference; lastKnownFileType = text.plist.xml; path = Info.plist; sourceTree = "<group>"; };
		01A87BE7221675D500CDCF3F /* PickerSampleUITests.xctest */ = {isa = PBXFileReference; explicitFileType = wrapper.cfbundle; includeInIndex = 0; path = PickerSampleUITests.xctest; sourceTree = BUILT_PRODUCTS_DIR; };
		01A87BEB221675D500CDCF3F /* PickerSampleUITests.swift */ = {isa = PBXFileReference; lastKnownFileType = sourcecode.swift; path = PickerSampleUITests.swift; sourceTree = "<group>"; };
		01A87BED221675D500CDCF3F /* Info.plist */ = {isa = PBXFileReference; lastKnownFileType = text.plist.xml; path = Info.plist; sourceTree = "<group>"; };
		0DEA6B54DFEC13DBF16AD10F /* Pods-PickerSampleTests.debug.xcconfig */ = {isa = PBXFileReference; includeInIndex = 1; lastKnownFileType = text.xcconfig; name = "Pods-PickerSampleTests.debug.xcconfig"; path = "Pods/Target Support Files/Pods-PickerSampleTests/Pods-PickerSampleTests.debug.xcconfig"; sourceTree = "<group>"; };
		1F44F21F31460078F3F03E97 /* Pods-PickerSampleUITests.release.xcconfig */ = {isa = PBXFileReference; includeInIndex = 1; lastKnownFileType = text.xcconfig; name = "Pods-PickerSampleUITests.release.xcconfig"; path = "Pods/Target Support Files/Pods-PickerSampleUITests/Pods-PickerSampleUITests.release.xcconfig"; sourceTree = "<group>"; };
		3BA38034A7FB4B884E7530C1 /* Pods-PickerSample.release.xcconfig */ = {isa = PBXFileReference; includeInIndex = 1; lastKnownFileType = text.xcconfig; name = "Pods-PickerSample.release.xcconfig"; path = "Pods/Target Support Files/Pods-PickerSample/Pods-PickerSample.release.xcconfig"; sourceTree = "<group>"; };
		6BDE866BD64C49E92C71D219 /* Pods-PickerSampleTests.release.xcconfig */ = {isa = PBXFileReference; includeInIndex = 1; lastKnownFileType = text.xcconfig; name = "Pods-PickerSampleTests.release.xcconfig"; path = "Pods/Target Support Files/Pods-PickerSampleTests/Pods-PickerSampleTests.release.xcconfig"; sourceTree = "<group>"; };
		7B5EF7757042601551C48D14 /* Pods-PickerSample.debug.xcconfig */ = {isa = PBXFileReference; includeInIndex = 1; lastKnownFileType = text.xcconfig; name = "Pods-PickerSample.debug.xcconfig"; path = "Pods/Target Support Files/Pods-PickerSample/Pods-PickerSample.debug.xcconfig"; sourceTree = "<group>"; };
		9C7305ED84318E91617B8ED2 /* Pods_PickerSampleTests.framework */ = {isa = PBXFileReference; explicitFileType = wrapper.framework; includeInIndex = 0; path = Pods_PickerSampleTests.framework; sourceTree = BUILT_PRODUCTS_DIR; };
		BF56FA9E258CD2E16587F1DD /* Pods_PickerSample.framework */ = {isa = PBXFileReference; explicitFileType = wrapper.framework; includeInIndex = 0; path = Pods_PickerSample.framework; sourceTree = BUILT_PRODUCTS_DIR; };
		C13221213F356F1BAE5A0796 /* Pods-PickerSampleUITests.debug.xcconfig */ = {isa = PBXFileReference; includeInIndex = 1; lastKnownFileType = text.xcconfig; name = "Pods-PickerSampleUITests.debug.xcconfig"; path = "Pods/Target Support Files/Pods-PickerSampleUITests/Pods-PickerSampleUITests.debug.xcconfig"; sourceTree = "<group>"; };
		EB2E61AFADBFA1C90AAD7D47 /* Pods_PickerSampleUITests.framework */ = {isa = PBXFileReference; explicitFileType = wrapper.framework; includeInIndex = 0; path = Pods_PickerSampleUITests.framework; sourceTree = BUILT_PRODUCTS_DIR; };
/* End PBXFileReference section */

/* Begin PBXFrameworksBuildPhase section */
		01A87BC5221675D300CDCF3F /* Frameworks */ = {
			isa = PBXFrameworksBuildPhase;
			buildActionMask = 2147483647;
			files = (
				0E21C553F016C4A9D075AE9C /* Pods_PickerSample.framework in Frameworks */,
			);
			runOnlyForDeploymentPostprocessing = 0;
		};
		01A87BD9221675D500CDCF3F /* Frameworks */ = {
			isa = PBXFrameworksBuildPhase;
			buildActionMask = 2147483647;
			files = (
				9DF2064DB0618A666FC077CB /* Pods_PickerSampleTests.framework in Frameworks */,
			);
			runOnlyForDeploymentPostprocessing = 0;
		};
		01A87BE4221675D500CDCF3F /* Frameworks */ = {
			isa = PBXFrameworksBuildPhase;
			buildActionMask = 2147483647;
			files = (
				48AD4671445A5F4EA53379A6 /* Pods_PickerSampleUITests.framework in Frameworks */,
			);
			runOnlyForDeploymentPostprocessing = 0;
		};
/* End PBXFrameworksBuildPhase section */

/* Begin PBXGroup section */
		015B603A221677240002D02B /* Assets */ = {
			isa = PBXGroup;
			children = (
				01A87BCF221675D300CDCF3F /* Main.storyboard */,
				01A87BD2221675D500CDCF3F /* Assets.xcassets */,
				01A87BD4221675D500CDCF3F /* LaunchScreen.storyboard */,
			);
			path = Assets;
			sourceTree = "<group>";
		};
		015B603B221677280002D02B /* Classes */ = {
			isa = PBXGroup;
			children = (
				015B604E2216A1000002D02B /* View */,
				015B60482216A0470002D02B /* Utils */,
				01A87BCB221675D300CDCF3F /* AppDelegate.swift */,
			);
			path = Classes;
			sourceTree = "<group>";
		};
		015B603E221691220002D02B /* Extensions */ = {
			isa = PBXGroup;
			children = (
				015B6041221691DF0002D02B /* UITextField+extension.swift */,
				015B60532216AC8D0002D02B /* Date+extension.swift */,
			);
			path = Extensions;
			sourceTree = "<group>";
		};
		015B60452216A0170002D02B /* Quad */ = {
			isa = PBXGroup;
			children = (
				015B60472216A0370002D02B /* Extensions */,
				015B60462216A0250002D02B /* Tweener */,
			);
			path = Quad;
			sourceTree = "<group>";
		};
		015B60462216A0250002D02B /* Tweener */ = {
			isa = PBXGroup;
			children = (
				015B604B2216A0940002D02B /* Tween.swift */,
				015B604A2216A0930002D02B /* Tweener.swift */,
			);
			name = Tweener;
			path = PickerSample/Classes/Tweener;
			sourceTree = SOURCE_ROOT;
		};
		015B60472216A0370002D02B /* Extensions */ = {
			isa = PBXGroup;
			children = (
				015B603F221691330002D02B /* Extension.swift */,
			);
			path = Extensions;
			sourceTree = "<group>";
		};
		015B60482216A0470002D02B /* Utils */ = {
			isa = PBXGroup;
			children = (
				015B603E221691220002D02B /* Extensions */,
			);
			path = Utils;
			sourceTree = "<group>";
		};
		015B604E2216A1000002D02B /* View */ = {
			isa = PBXGroup;
			children = (
				015B60502216A11E0002D02B /* Subviews */,
				015B604F2216A1160002D02B /* Reactor */,
				01A87BCD221675D300CDCF3F /* ViewController.swift */,
			);
			path = View;
			sourceTree = "<group>";
		};
		015B604F2216A1160002D02B /* Reactor */ = {
			isa = PBXGroup;
			children = (
				015B603C221688A30002D02B /* ViewReactor.swift */,
			);
			path = Reactor;
			sourceTree = "<group>";
		};
		015B60502216A11E0002D02B /* Subviews */ = {
			isa = PBXGroup;
			children = (
				015B604322169E6D0002D02B /* UICustomDatePicker.swift */,
				015B60512216A1310002D02B /* ViewSubviews.swift */,
			);
			path = Subviews;
			sourceTree = "<group>";
		};
		01A87BBF221675D300CDCF3F = {
			isa = PBXGroup;
			children = (
				01A87BCA221675D300CDCF3F /* PickerSample */,
				01A87BDF221675D500CDCF3F /* PickerSampleTests */,
				01A87BEA221675D500CDCF3F /* PickerSampleUITests */,
				01A87BC9221675D300CDCF3F /* Products */,
				1ED52450EBAFF919FFB717C1 /* Pods */,
				B797DD267AC7027C43936F9D /* Frameworks */,
			);
			sourceTree = "<group>";
		};
		01A87BC9221675D300CDCF3F /* Products */ = {
			isa = PBXGroup;
			children = (
				01A87BC8221675D300CDCF3F /* PickerSample.app */,
				01A87BDC221675D500CDCF3F /* PickerSampleTests.xctest */,
				01A87BE7221675D500CDCF3F /* PickerSampleUITests.xctest */,
			);
			name = Products;
			sourceTree = "<group>";
		};
		01A87BCA221675D300CDCF3F /* PickerSample */ = {
			isa = PBXGroup;
			children = (
				015B60452216A0170002D02B /* Quad */,
				015B603B221677280002D02B /* Classes */,
				015B603A221677240002D02B /* Assets */,
				01A87BD7221675D500CDCF3F /* Info.plist */,
			);
			path = PickerSample;
			sourceTree = "<group>";
		};
		01A87BDF221675D500CDCF3F /* PickerSampleTests */ = {
			isa = PBXGroup;
			children = (
				01A87BE0221675D500CDCF3F /* PickerSampleTests.swift */,
				01A87BE2221675D500CDCF3F /* Info.plist */,
			);
			path = PickerSampleTests;
			sourceTree = "<group>";
		};
		01A87BEA221675D500CDCF3F /* PickerSampleUITests */ = {
			isa = PBXGroup;
			children = (
				01A87BEB221675D500CDCF3F /* PickerSampleUITests.swift */,
				01A87BED221675D500CDCF3F /* Info.plist */,
			);
			path = PickerSampleUITests;
			sourceTree = "<group>";
		};
		1ED52450EBAFF919FFB717C1 /* Pods */ = {
			isa = PBXGroup;
			children = (
				7B5EF7757042601551C48D14 /* Pods-PickerSample.debug.xcconfig */,
				3BA38034A7FB4B884E7530C1 /* Pods-PickerSample.release.xcconfig */,
				0DEA6B54DFEC13DBF16AD10F /* Pods-PickerSampleTests.debug.xcconfig */,
				6BDE866BD64C49E92C71D219 /* Pods-PickerSampleTests.release.xcconfig */,
				C13221213F356F1BAE5A0796 /* Pods-PickerSampleUITests.debug.xcconfig */,
				1F44F21F31460078F3F03E97 /* Pods-PickerSampleUITests.release.xcconfig */,
			);
			name = Pods;
			sourceTree = "<group>";
		};
		B797DD267AC7027C43936F9D /* Frameworks */ = {
			isa = PBXGroup;
			children = (
				BF56FA9E258CD2E16587F1DD /* Pods_PickerSample.framework */,
				9C7305ED84318E91617B8ED2 /* Pods_PickerSampleTests.framework */,
				EB2E61AFADBFA1C90AAD7D47 /* Pods_PickerSampleUITests.framework */,
			);
			name = Frameworks;
			sourceTree = "<group>";
		};
/* End PBXGroup section */

/* Begin PBXNativeTarget section */
		01A87BC7221675D300CDCF3F /* PickerSample */ = {
			isa = PBXNativeTarget;
			buildConfigurationList = 01A87BF0221675D500CDCF3F /* Build configuration list for PBXNativeTarget "PickerSample" */;
			buildPhases = (
				D0086E566EFBEA2636D56E51 /* [CP] Check Pods Manifest.lock */,
				01A87BC4221675D300CDCF3F /* Sources */,
				01A87BC5221675D300CDCF3F /* Frameworks */,
				01A87BC6221675D300CDCF3F /* Resources */,
				CB0E48EA6EB07CFD6CF6F971 /* [CP] Embed Pods Frameworks */,
			);
			buildRules = (
			);
			dependencies = (
			);
			name = PickerSample;
			productName = PickerSample;
			productReference = 01A87BC8221675D300CDCF3F /* PickerSample.app */;
			productType = "com.apple.product-type.application";
		};
		01A87BDB221675D500CDCF3F /* PickerSampleTests */ = {
			isa = PBXNativeTarget;
			buildConfigurationList = 01A87BF3221675D500CDCF3F /* Build configuration list for PBXNativeTarget "PickerSampleTests" */;
			buildPhases = (
				05B9E2B51E223681B780FBE6 /* [CP] Check Pods Manifest.lock */,
				01A87BD8221675D500CDCF3F /* Sources */,
				01A87BD9221675D500CDCF3F /* Frameworks */,
				01A87BDA221675D500CDCF3F /* Resources */,
			);
			buildRules = (
			);
			dependencies = (
				01A87BDE221675D500CDCF3F /* PBXTargetDependency */,
			);
			name = PickerSampleTests;
			productName = PickerSampleTests;
			productReference = 01A87BDC221675D500CDCF3F /* PickerSampleTests.xctest */;
			productType = "com.apple.product-type.bundle.unit-test";
		};
		01A87BE6221675D500CDCF3F /* PickerSampleUITests */ = {
			isa = PBXNativeTarget;
			buildConfigurationList = 01A87BF6221675D500CDCF3F /* Build configuration list for PBXNativeTarget "PickerSampleUITests" */;
			buildPhases = (
				05EAB500EEEB6256005C16D1 /* [CP] Check Pods Manifest.lock */,
				01A87BE3221675D500CDCF3F /* Sources */,
				01A87BE4221675D500CDCF3F /* Frameworks */,
				01A87BE5221675D500CDCF3F /* Resources */,
			);
			buildRules = (
			);
			dependencies = (
				01A87BE9221675D500CDCF3F /* PBXTargetDependency */,
			);
			name = PickerSampleUITests;
			productName = PickerSampleUITests;
			productReference = 01A87BE7221675D500CDCF3F /* PickerSampleUITests.xctest */;
			productType = "com.apple.product-type.bundle.ui-testing";
		};
/* End PBXNativeTarget section */

/* Begin PBXProject section */
		01A87BC0221675D300CDCF3F /* Project object */ = {
			isa = PBXProject;
			attributes = {
				LastSwiftUpdateCheck = 1010;
				LastUpgradeCheck = 1010;
				ORGANIZATIONNAME = sugurusasaki;
				TargetAttributes = {
					01A87BC7221675D300CDCF3F = {
						CreatedOnToolsVersion = 10.1;
					};
					01A87BDB221675D500CDCF3F = {
						CreatedOnToolsVersion = 10.1;
						TestTargetID = 01A87BC7221675D300CDCF3F;
					};
					01A87BE6221675D500CDCF3F = {
						CreatedOnToolsVersion = 10.1;
						TestTargetID = 01A87BC7221675D300CDCF3F;
					};
				};
			};
			buildConfigurationList = 01A87BC3221675D300CDCF3F /* Build configuration list for PBXProject "PickerSample" */;
			compatibilityVersion = "Xcode 9.3";
			developmentRegion = en;
			hasScannedForEncodings = 0;
			knownRegions = (
				en,
				Base,
			);
			mainGroup = 01A87BBF221675D300CDCF3F;
			productRefGroup = 01A87BC9221675D300CDCF3F /* Products */;
			projectDirPath = "";
			projectRoot = "";
			targets = (
				01A87BC7221675D300CDCF3F /* PickerSample */,
				01A87BDB221675D500CDCF3F /* PickerSampleTests */,
				01A87BE6221675D500CDCF3F /* PickerSampleUITests */,
			);
		};
/* End PBXProject section */

/* Begin PBXResourcesBuildPhase section */
		01A87BC6221675D300CDCF3F /* Resources */ = {
			isa = PBXResourcesBuildPhase;
			buildActionMask = 2147483647;
			files = (
				01A87BD6221675D500CDCF3F /* LaunchScreen.storyboard in Resources */,
				01A87BD3221675D500CDCF3F /* Assets.xcassets in Resources */,
				01A87BD1221675D300CDCF3F /* Main.storyboard in Resources */,
			);
			runOnlyForDeploymentPostprocessing = 0;
		};
		01A87BDA221675D500CDCF3F /* Resources */ = {
			isa = PBXResourcesBuildPhase;
			buildActionMask = 2147483647;
			files = (
			);
			runOnlyForDeploymentPostprocessing = 0;
		};
		01A87BE5221675D500CDCF3F /* Resources */ = {
			isa = PBXResourcesBuildPhase;
			buildActionMask = 2147483647;
			files = (
			);
			runOnlyForDeploymentPostprocessing = 0;
		};
/* End PBXResourcesBuildPhase section */

/* Begin PBXShellScriptBuildPhase section */
		05B9E2B51E223681B780FBE6 /* [CP] Check Pods Manifest.lock */ = {
			isa = PBXShellScriptBuildPhase;
			buildActionMask = 2147483647;
			files = (
			);
			inputFileListPaths = (
			);
			inputPaths = (
				"${PODS_PODFILE_DIR_PATH}/Podfile.lock",
				"${PODS_ROOT}/Manifest.lock",
			);
			name = "[CP] Check Pods Manifest.lock";
			outputFileListPaths = (
			);
			outputPaths = (
				"$(DERIVED_FILE_DIR)/Pods-PickerSampleTests-checkManifestLockResult.txt",
			);
			runOnlyForDeploymentPostprocessing = 0;
			shellPath = /bin/sh;
			shellScript = "diff \"${PODS_PODFILE_DIR_PATH}/Podfile.lock\" \"${PODS_ROOT}/Manifest.lock\" > /dev/null\nif [ $? != 0 ] ; then\n    # print error to STDERR\n    echo \"error: The sandbox is not in sync with the Podfile.lock. Run 'pod install' or update your CocoaPods installation.\" >&2\n    exit 1\nfi\n# This output is used by Xcode 'outputs' to avoid re-running this script phase.\necho \"SUCCESS\" > \"${SCRIPT_OUTPUT_FILE_0}\"\n";
			showEnvVarsInLog = 0;
		};
		05EAB500EEEB6256005C16D1 /* [CP] Check Pods Manifest.lock */ = {
			isa = PBXShellScriptBuildPhase;
			buildActionMask = 2147483647;
			files = (
			);
			inputFileListPaths = (
			);
			inputPaths = (
				"${PODS_PODFILE_DIR_PATH}/Podfile.lock",
				"${PODS_ROOT}/Manifest.lock",
			);
			name = "[CP] Check Pods Manifest.lock";
			outputFileListPaths = (
			);
			outputPaths = (
				"$(DERIVED_FILE_DIR)/Pods-PickerSampleUITests-checkManifestLockResult.txt",
			);
			runOnlyForDeploymentPostprocessing = 0;
			shellPath = /bin/sh;
			shellScript = "diff \"${PODS_PODFILE_DIR_PATH}/Podfile.lock\" \"${PODS_ROOT}/Manifest.lock\" > /dev/null\nif [ $? != 0 ] ; then\n    # print error to STDERR\n    echo \"error: The sandbox is not in sync with the Podfile.lock. Run 'pod install' or update your CocoaPods installation.\" >&2\n    exit 1\nfi\n# This output is used by Xcode 'outputs' to avoid re-running this script phase.\necho \"SUCCESS\" > \"${SCRIPT_OUTPUT_FILE_0}\"\n";
			showEnvVarsInLog = 0;
		};
		CB0E48EA6EB07CFD6CF6F971 /* [CP] Embed Pods Frameworks */ = {
			isa = PBXShellScriptBuildPhase;
			buildActionMask = 2147483647;
			files = (
			);
			inputFileListPaths = (
			);
			inputPaths = (
				"${SRCROOT}/Pods/Target Support Files/Pods-PickerSample/Pods-PickerSample-frameworks.sh",
				"${BUILT_PRODUCTS_DIR}/ReactorKit/ReactorKit.framework",
				"${BUILT_PRODUCTS_DIR}/RxAtomic/RxAtomic.framework",
				"${BUILT_PRODUCTS_DIR}/RxCocoa/RxCocoa.framework",
				"${BUILT_PRODUCTS_DIR}/RxSwift/RxSwift.framework",
				"${BUILT_PRODUCTS_DIR}/SnapKit/SnapKit.framework",
			);
			name = "[CP] Embed Pods Frameworks";
			outputFileListPaths = (
			);
			outputPaths = (
				"${TARGET_BUILD_DIR}/${FRAMEWORKS_FOLDER_PATH}/ReactorKit.framework",
				"${TARGET_BUILD_DIR}/${FRAMEWORKS_FOLDER_PATH}/RxAtomic.framework",
				"${TARGET_BUILD_DIR}/${FRAMEWORKS_FOLDER_PATH}/RxCocoa.framework",
				"${TARGET_BUILD_DIR}/${FRAMEWORKS_FOLDER_PATH}/RxSwift.framework",
				"${TARGET_BUILD_DIR}/${FRAMEWORKS_FOLDER_PATH}/SnapKit.framework",
			);
			runOnlyForDeploymentPostprocessing = 0;
			shellPath = /bin/sh;
			shellScript = "\"${SRCROOT}/Pods/Target Support Files/Pods-PickerSample/Pods-PickerSample-frameworks.sh\"\n";
			showEnvVarsInLog = 0;
		};
		D0086E566EFBEA2636D56E51 /* [CP] Check Pods Manifest.lock */ = {
			isa = PBXShellScriptBuildPhase;
			buildActionMask = 2147483647;
			files = (
			);
			inputFileListPaths = (
			);
			inputPaths = (
				"${PODS_PODFILE_DIR_PATH}/Podfile.lock",
				"${PODS_ROOT}/Manifest.lock",
			);
			name = "[CP] Check Pods Manifest.lock";
			outputFileListPaths = (
			);
			outputPaths = (
				"$(DERIVED_FILE_DIR)/Pods-PickerSample-checkManifestLockResult.txt",
			);
			runOnlyForDeploymentPostprocessing = 0;
			shellPath = /bin/sh;
			shellScript = "diff \"${PODS_PODFILE_DIR_PATH}/Podfile.lock\" \"${PODS_ROOT}/Manifest.lock\" > /dev/null\nif [ $? != 0 ] ; then\n    # print error to STDERR\n    echo \"error: The sandbox is not in sync with the Podfile.lock. Run 'pod install' or update your CocoaPods installation.\" >&2\n    exit 1\nfi\n# This output is used by Xcode 'outputs' to avoid re-running this script phase.\necho \"SUCCESS\" > \"${SCRIPT_OUTPUT_FILE_0}\"\n";
			showEnvVarsInLog = 0;
		};
/* End PBXShellScriptBuildPhase section */

/* Begin PBXSourcesBuildPhase section */
		01A87BC4221675D300CDCF3F /* Sources */ = {
			isa = PBXSourcesBuildPhase;
			buildActionMask = 2147483647;
			files = (
				015B60522216A1310002D02B /* ViewSubviews.swift in Sources */,
				015B6042221691DF0002D02B /* UITextField+extension.swift in Sources */,
				015B604D2216A0940002D02B /* Tween.swift in Sources */,
				01A87BCE221675D300CDCF3F /* ViewController.swift in Sources */,
				015B603D221688A30002D02B /* ViewReactor.swift in Sources */,
				015B604C2216A0940002D02B /* Tweener.swift in Sources */,
				015B604422169E6D0002D02B /* UICustomDatePicker.swift in Sources */,
				015B60542216AC8D0002D02B /* Date+extension.swift in Sources */,
				01A87BCC221675D300CDCF3F /* AppDelegate.swift in Sources */,
				015B6040221691330002D02B /* Extension.swift in Sources */,
			);
			runOnlyForDeploymentPostprocessing = 0;
		};
		01A87BD8221675D500CDCF3F /* Sources */ = {
			isa = PBXSourcesBuildPhase;
			buildActionMask = 2147483647;
			files = (
				01A87BE1221675D500CDCF3F /* PickerSampleTests.swift in Sources */,
			);
			runOnlyForDeploymentPostprocessing = 0;
		};
		01A87BE3221675D500CDCF3F /* Sources */ = {
			isa = PBXSourcesBuildPhase;
			buildActionMask = 2147483647;
			files = (
				01A87BEC221675D500CDCF3F /* PickerSampleUITests.swift in Sources */,
			);
			runOnlyForDeploymentPostprocessing = 0;
		};
/* End PBXSourcesBuildPhase section */

/* Begin PBXTargetDependency section */
		01A87BDE221675D500CDCF3F /* PBXTargetDependency */ = {
			isa = PBXTargetDependency;
			target = 01A87BC7221675D300CDCF3F /* PickerSample */;
			targetProxy = 01A87BDD221675D500CDCF3F /* PBXContainerItemProxy */;
		};
		01A87BE9221675D500CDCF3F /* PBXTargetDependency */ = {
			isa = PBXTargetDependency;
			target = 01A87BC7221675D300CDCF3F /* PickerSample */;
			targetProxy = 01A87BE8221675D500CDCF3F /* PBXContainerItemProxy */;
		};
/* End PBXTargetDependency section */

/* Begin PBXVariantGroup section */
		01A87BCF221675D300CDCF3F /* Main.storyboard */ = {
			isa = PBXVariantGroup;
			children = (
				01A87BD0221675D300CDCF3F /* Base */,
			);
			name = Main.storyboard;
			sourceTree = "<group>";
		};
		01A87BD4221675D500CDCF3F /* LaunchScreen.storyboard */ = {
			isa = PBXVariantGroup;
			children = (
				01A87BD5221675D500CDCF3F /* Base */,
			);
			name = LaunchScreen.storyboard;
			sourceTree = "<group>";
		};
/* End PBXVariantGroup section */

/* Begin XCBuildConfiguration section */
		01A87BEE221675D500CDCF3F /* Debug */ = {
			isa = XCBuildConfiguration;
			buildSettings = {
				ALWAYS_SEARCH_USER_PATHS = NO;
				CLANG_ANALYZER_NONNULL = YES;
				CLANG_ANALYZER_NUMBER_OBJECT_CONVERSION = YES_AGGRESSIVE;
				CLANG_CXX_LANGUAGE_STANDARD = "gnu++14";
				CLANG_CXX_LIBRARY = "libc++";
				CLANG_ENABLE_MODULES = YES;
				CLANG_ENABLE_OBJC_ARC = YES;
				CLANG_ENABLE_OBJC_WEAK = YES;
				CLANG_WARN_BLOCK_CAPTURE_AUTORELEASING = YES;
				CLANG_WARN_BOOL_CONVERSION = YES;
				CLANG_WARN_COMMA = YES;
				CLANG_WARN_CONSTANT_CONVERSION = YES;
				CLANG_WARN_DEPRECATED_OBJC_IMPLEMENTATIONS = YES;
				CLANG_WARN_DIRECT_OBJC_ISA_USAGE = YES_ERROR;
				CLANG_WARN_DOCUMENTATION_COMMENTS = YES;
				CLANG_WARN_EMPTY_BODY = YES;
				CLANG_WARN_ENUM_CONVERSION = YES;
				CLANG_WARN_INFINITE_RECURSION = YES;
				CLANG_WARN_INT_CONVERSION = YES;
				CLANG_WARN_NON_LITERAL_NULL_CONVERSION = YES;
				CLANG_WARN_OBJC_IMPLICIT_RETAIN_SELF = YES;
				CLANG_WARN_OBJC_LITERAL_CONVERSION = YES;
				CLANG_WARN_OBJC_ROOT_CLASS = YES_ERROR;
				CLANG_WARN_RANGE_LOOP_ANALYSIS = YES;
				CLANG_WARN_STRICT_PROTOTYPES = YES;
				CLANG_WARN_SUSPICIOUS_MOVE = YES;
				CLANG_WARN_UNGUARDED_AVAILABILITY = YES_AGGRESSIVE;
				CLANG_WARN_UNREACHABLE_CODE = YES;
				CLANG_WARN__DUPLICATE_METHOD_MATCH = YES;
				CODE_SIGN_IDENTITY = "iPhone Developer";
				COPY_PHASE_STRIP = NO;
				DEBUG_INFORMATION_FORMAT = dwarf;
				ENABLE_STRICT_OBJC_MSGSEND = YES;
				ENABLE_TESTABILITY = YES;
				GCC_C_LANGUAGE_STANDARD = gnu11;
				GCC_DYNAMIC_NO_PIC = NO;
				GCC_NO_COMMON_BLOCKS = YES;
				GCC_OPTIMIZATION_LEVEL = 0;
				GCC_PREPROCESSOR_DEFINITIONS = (
					"DEBUG=1",
					"$(inherited)",
				);
				GCC_WARN_64_TO_32_BIT_CONVERSION = YES;
				GCC_WARN_ABOUT_RETURN_TYPE = YES_ERROR;
				GCC_WARN_UNDECLARED_SELECTOR = YES;
				GCC_WARN_UNINITIALIZED_AUTOS = YES_AGGRESSIVE;
				GCC_WARN_UNUSED_FUNCTION = YES;
				GCC_WARN_UNUSED_VARIABLE = YES;
				IPHONEOS_DEPLOYMENT_TARGET = 12.1;
				MTL_ENABLE_DEBUG_INFO = INCLUDE_SOURCE;
				MTL_FAST_MATH = YES;
				ONLY_ACTIVE_ARCH = YES;
				SDKROOT = iphoneos;
				SWIFT_ACTIVE_COMPILATION_CONDITIONS = DEBUG;
				SWIFT_OPTIMIZATION_LEVEL = "-Onone";
			};
			name = Debug;
		};
		01A87BEF221675D500CDCF3F /* Release */ = {
			isa = XCBuildConfiguration;
			buildSettings = {
				ALWAYS_SEARCH_USER_PATHS = NO;
				CLANG_ANALYZER_NONNULL = YES;
				CLANG_ANALYZER_NUMBER_OBJECT_CONVERSION = YES_AGGRESSIVE;
				CLANG_CXX_LANGUAGE_STANDARD = "gnu++14";
				CLANG_CXX_LIBRARY = "libc++";
				CLANG_ENABLE_MODULES = YES;
				CLANG_ENABLE_OBJC_ARC = YES;
				CLANG_ENABLE_OBJC_WEAK = YES;
				CLANG_WARN_BLOCK_CAPTURE_AUTORELEASING = YES;
				CLANG_WARN_BOOL_CONVERSION = YES;
				CLANG_WARN_COMMA = YES;
				CLANG_WARN_CONSTANT_CONVERSION = YES;
				CLANG_WARN_DEPRECATED_OBJC_IMPLEMENTATIONS = YES;
				CLANG_WARN_DIRECT_OBJC_ISA_USAGE = YES_ERROR;
				CLANG_WARN_DOCUMENTATION_COMMENTS = YES;
				CLANG_WARN_EMPTY_BODY = YES;
				CLANG_WARN_ENUM_CONVERSION = YES;
				CLANG_WARN_INFINITE_RECURSION = YES;
				CLANG_WARN_INT_CONVERSION = YES;
				CLANG_WARN_NON_LITERAL_NULL_CONVERSION = YES;
				CLANG_WARN_OBJC_IMPLICIT_RETAIN_SELF = YES;
				CLANG_WARN_OBJC_LITERAL_CONVERSION = YES;
				CLANG_WARN_OBJC_ROOT_CLASS = YES_ERROR;
				CLANG_WARN_RANGE_LOOP_ANALYSIS = YES;
				CLANG_WARN_STRICT_PROTOTYPES = YES;
				CLANG_WARN_SUSPICIOUS_MOVE = YES;
				CLANG_WARN_UNGUARDED_AVAILABILITY = YES_AGGRESSIVE;
				CLANG_WARN_UNREACHABLE_CODE = YES;
				CLANG_WARN__DUPLICATE_METHOD_MATCH = YES;
				CODE_SIGN_IDENTITY = "iPhone Developer";
				COPY_PHASE_STRIP = NO;
				DEBUG_INFORMATION_FORMAT = "dwarf-with-dsym";
				ENABLE_NS_ASSERTIONS = NO;
				ENABLE_STRICT_OBJC_MSGSEND = YES;
				GCC_C_LANGUAGE_STANDARD = gnu11;
				GCC_NO_COMMON_BLOCKS = YES;
				GCC_WARN_64_TO_32_BIT_CONVERSION = YES;
				GCC_WARN_ABOUT_RETURN_TYPE = YES_ERROR;
				GCC_WARN_UNDECLARED_SELECTOR = YES;
				GCC_WARN_UNINITIALIZED_AUTOS = YES_AGGRESSIVE;
				GCC_WARN_UNUSED_FUNCTION = YES;
				GCC_WARN_UNUSED_VARIABLE = YES;
				IPHONEOS_DEPLOYMENT_TARGET = 12.1;
				MTL_ENABLE_DEBUG_INFO = NO;
				MTL_FAST_MATH = YES;
				SDKROOT = iphoneos;
				SWIFT_COMPILATION_MODE = wholemodule;
				SWIFT_OPTIMIZATION_LEVEL = "-O";
				VALIDATE_PRODUCT = YES;
			};
			name = Release;
		};
		01A87BF1221675D500CDCF3F /* Debug */ = {
			isa = XCBuildConfiguration;
			baseConfigurationReference = 7B5EF7757042601551C48D14 /* Pods-PickerSample.debug.xcconfig */;
			buildSettings = {
				ASSETCATALOG_COMPILER_APPICON_NAME = AppIcon;
				CODE_SIGN_STYLE = Automatic;
				DEVELOPMENT_TEAM = 93GSU5NMZY;
				INFOPLIST_FILE = PickerSample/Info.plist;
				LD_RUNPATH_SEARCH_PATHS = (
					"$(inherited)",
					"@executable_path/Frameworks",
				);
				PRODUCT_BUNDLE_IDENTIFIER = quad.PickerSample;
				PRODUCT_NAME = "$(TARGET_NAME)";
				SWIFT_VERSION = 4.2;
				TARGETED_DEVICE_FAMILY = "1,2";
			};
			name = Debug;
		};
		01A87BF2221675D500CDCF3F /* Release */ = {
			isa = XCBuildConfiguration;
			baseConfigurationReference = 3BA38034A7FB4B884E7530C1 /* Pods-PickerSample.release.xcconfig */;
			buildSettings = {
				ASSETCATALOG_COMPILER_APPICON_NAME = AppIcon;
				CODE_SIGN_STYLE = Automatic;
				DEVELOPMENT_TEAM = 93GSU5NMZY;
				INFOPLIST_FILE = PickerSample/Info.plist;
				LD_RUNPATH_SEARCH_PATHS = (
					"$(inherited)",
					"@executable_path/Frameworks",
				);
				PRODUCT_BUNDLE_IDENTIFIER = quad.PickerSample;
				PRODUCT_NAME = "$(TARGET_NAME)";
				SWIFT_VERSION = 4.2;
				TARGETED_DEVICE_FAMILY = "1,2";
			};
			name = Release;
		};
		01A87BF4221675D500CDCF3F /* Debug */ = {
			isa = XCBuildConfiguration;
			baseConfigurationReference = 0DEA6B54DFEC13DBF16AD10F /* Pods-PickerSampleTests.debug.xcconfig */;
			buildSettings = {
				ALWAYS_EMBED_SWIFT_STANDARD_LIBRARIES = YES;
				BUNDLE_LOADER = "$(TEST_HOST)";
				CODE_SIGN_STYLE = Automatic;
				DEVELOPMENT_TEAM = 93GSU5NMZY;
				INFOPLIST_FILE = PickerSampleTests/Info.plist;
				LD_RUNPATH_SEARCH_PATHS = (
					"$(inherited)",
					"@executable_path/Frameworks",
					"@loader_path/Frameworks",
				);
				PRODUCT_BUNDLE_IDENTIFIER = quad.PickerSampleTests;
				PRODUCT_NAME = "$(TARGET_NAME)";
				SWIFT_VERSION = 4.2;
				TARGETED_DEVICE_FAMILY = "1,2";
				TEST_HOST = "$(BUILT_PRODUCTS_DIR)/PickerSample.app/PickerSample";
			};
			name = Debug;
		};
		01A87BF5221675D500CDCF3F /* Release */ = {
			isa = XCBuildConfiguration;
			baseConfigurationReference = 6BDE866BD64C49E92C71D219 /* Pods-PickerSampleTests.release.xcconfig */;
			buildSettings = {
				ALWAYS_EMBED_SWIFT_STANDARD_LIBRARIES = YES;
				BUNDLE_LOADER = "$(TEST_HOST)";
				CODE_SIGN_STYLE = Automatic;
				DEVELOPMENT_TEAM = 93GSU5NMZY;
				INFOPLIST_FILE = PickerSampleTests/Info.plist;
				LD_RUNPATH_SEARCH_PATHS = (
					"$(inherited)",
					"@executable_path/Frameworks",
					"@loader_path/Frameworks",
				);
				PRODUCT_BUNDLE_IDENTIFIER = quad.PickerSampleTests;
				PRODUCT_NAME = "$(TARGET_NAME)";
				SWIFT_VERSION = 4.2;
				TARGETED_DEVICE_FAMILY = "1,2";
				TEST_HOST = "$(BUILT_PRODUCTS_DIR)/PickerSample.app/PickerSample";
			};
			name = Release;
		};
		01A87BF7221675D500CDCF3F /* Debug */ = {
			isa = XCBuildConfiguration;
			baseConfigurationReference = C13221213F356F1BAE5A0796 /* Pods-PickerSampleUITests.debug.xcconfig */;
			buildSettings = {
				ALWAYS_EMBED_SWIFT_STANDARD_LIBRARIES = YES;
				CODE_SIGN_STYLE = Automatic;
				DEVELOPMENT_TEAM = 93GSU5NMZY;
				INFOPLIST_FILE = PickerSampleUITests/Info.plist;
				LD_RUNPATH_SEARCH_PATHS = (
					"$(inherited)",
					"@executable_path/Frameworks",
					"@loader_path/Frameworks",
				);
				PRODUCT_BUNDLE_IDENTIFIER = quad.PickerSampleUITests;
				PRODUCT_NAME = "$(TARGET_NAME)";
				SWIFT_VERSION = 4.2;
				TARGETED_DEVICE_FAMILY = "1,2";
				TEST_TARGET_NAME = PickerSample;
			};
			name = Debug;
		};
		01A87BF8221675D500CDCF3F /* Release */ = {
			isa = XCBuildConfiguration;
			baseConfigurationReference = 1F44F21F31460078F3F03E97 /* Pods-PickerSampleUITests.release.xcconfig */;
			buildSettings = {
				ALWAYS_EMBED_SWIFT_STANDARD_LIBRARIES = YES;
				CODE_SIGN_STYLE = Automatic;
				DEVELOPMENT_TEAM = 93GSU5NMZY;
				INFOPLIST_FILE = PickerSampleUITests/Info.plist;
				LD_RUNPATH_SEARCH_PATHS = (
					"$(inherited)",
					"@executable_path/Frameworks",
					"@loader_path/Frameworks",
				);
				PRODUCT_BUNDLE_IDENTIFIER = quad.PickerSampleUITests;
				PRODUCT_NAME = "$(TARGET_NAME)";
				SWIFT_VERSION = 4.2;
				TARGETED_DEVICE_FAMILY = "1,2";
				TEST_TARGET_NAME = PickerSample;
			};
			name = Release;
		};
/* End XCBuildConfiguration section */

/* Begin XCConfigurationList section */
		01A87BC3221675D300CDCF3F /* Build configuration list for PBXProject "PickerSample" */ = {
			isa = XCConfigurationList;
			buildConfigurations = (
				01A87BEE221675D500CDCF3F /* Debug */,
				01A87BEF221675D500CDCF3F /* Release */,
			);
			defaultConfigurationIsVisible = 0;
			defaultConfigurationName = Release;
		};
		01A87BF0221675D500CDCF3F /* Build configuration list for PBXNativeTarget "PickerSample" */ = {
			isa = XCConfigurationList;
			buildConfigurations = (
				01A87BF1221675D500CDCF3F /* Debug */,
				01A87BF2221675D500CDCF3F /* Release */,
			);
			defaultConfigurationIsVisible = 0;
			defaultConfigurationName = Release;
		};
		01A87BF3221675D500CDCF3F /* Build configuration list for PBXNativeTarget "PickerSampleTests" */ = {
			isa = XCConfigurationList;
			buildConfigurations = (
				01A87BF4221675D500CDCF3F /* Debug */,
				01A87BF5221675D500CDCF3F /* Release */,
			);
			defaultConfigurationIsVisible = 0;
			defaultConfigurationName = Release;
		};
		01A87BF6221675D500CDCF3F /* Build configuration list for PBXNativeTarget "PickerSampleUITests" */ = {
			isa = XCConfigurationList;
			buildConfigurations = (
				01A87BF7221675D500CDCF3F /* Debug */,
				01A87BF8221675D500CDCF3F /* Release */,
			);
			defaultConfigurationIsVisible = 0;
			defaultConfigurationName = Release;
		};
/* End XCConfigurationList section */
	};
	rootObject = 01A87BC0221675D300CDCF3F /* Project object */;
}
